{
  "version": "2",
  "remote": {
    "https://deno.land/std@0.120.0/_util/assert.ts": "2f868145a042a11d5ad0a3c748dcf580add8a0dbc0e876eaa0026303a5488f58",
    "https://deno.land/std@0.120.0/flags/mod.ts": "5bd80147c97e481efcc4c041096c6c1a1393248e2849ccd571269d62c2634cbe",
    "https://deno.land/x/base64@v0.2.1/base.ts": "47dc8d68f07dc91524bdd6db36eccbe59cf4d935b5fc09f27357a3944bb3ff7b",
    "https://deno.land/x/base64@v0.2.1/base64url.ts": "18bbf879b31f1f32cca8adaa2b6885ae325c2cec6a66c5817b684ca12c46ad5e",
    "https://deno.land/x/json_to_ts@v1.7.0/deps.ts": "cfdb0fa78feea383aa6befae38a39b0aaa01e6e3ac1c83797728b959633963fe",
    "https://deno.land/x/json_to_ts@v1.7.0/mod.ts": "34e7c4a20406e7b2727e60fc29322e3c81efbbaa6e4686f4262c81945c2ec422",
    "https://deno.land/x/json_to_ts@v1.7.0/src/get-interfaces.ts": "0cf12a2bfb0ad15fdd71330b7a8db7e2766e083ce317b5e42b6a83735551329e",
    "https://deno.land/x/json_to_ts@v1.7.0/src/get-names.ts": "8810d42b66876f9dd9b7dd1cd8f165a104e49b3052704315d858250cd8b3d6ad",
    "https://deno.land/x/json_to_ts@v1.7.0/src/get-type-structure.ts": "58b0ed667d33503cdf879ba736091847db8622538abe300572cd8c0759a7f376",
    "https://deno.land/x/json_to_ts@v1.7.0/src/index.ts": "ce34739e914fb4d104c552b907359cf23c19b4c01f02c01b45efa6fc4a5dd778",
    "https://deno.land/x/json_to_ts@v1.7.0/src/model.ts": "dfb3ec215a1ff58c2b1ef6057e1110e9d4bb789173323e9fc1bd516446f48fbd",
    "https://deno.land/x/json_to_ts@v1.7.0/src/util.ts": "af28753103ebf03309c05a672d9926389b2694ee564d5bedf6e7e2100bb0e213",
    "https://deno.land/x/sha1@v1.0.3/deps.ts": "2e1af51a48c8507017fdb057b950366601b177fb7e73d5de54c1b3e0e115d72e",
    "https://deno.land/x/sha1@v1.0.3/mod.ts": "146a101c9776cc9c807053c93f23e4b321ade5251f65745df418f4a75d5fd27b",
    "https://denopkg.com/chiefbiiko/std-encoding@v1.0.0/mod.ts": "4a927e5cd1d9b080d72881eb285b3b94edb6dadc1828aeb194117645f4481ac0",
    "https://esm.sh/js-yaml@4.1.0": "82a4ea5b3dc76ebd97941c67750dce084d85dc853b7107c58bc442d6ab0a4f93",
    "https://esm.sh/pluralize@8.0.0": "d14ab6a25ff7583095781f95db52943c6e27c996e609e040dd81bb370802c446",
    "https://esm.sh/v102/@types/js-yaml@4.0.5/index.d.ts": "686e548ae30250d62532c8cacb43fccc922b693408371bd3503563c4a0f28eed",
    "https://esm.sh/v102/js-yaml@4.1.0/deno/js-yaml.js": "526c0142ec6180feca02d0a0143a73d1526632219c011e8d486c354f80cf0aae",
    "https://esm.sh/v102/pluralize@8.0.0/deno/pluralize.js": "6e8ccc2657ee3b6097781cd7f5a6737c58ae6795ab2c31d741b905811360ead4"
  }
}
